// !$*UTF8*$!
{
	archiveVersion = 1;
	classes = {
	};
	objectVersion = 56;
	objects = {

/* Begin PBXBuildFile section */
		990E968729BAFD2700B9A9F1 /* GachaListViewController.swift in Sources */ = {isa = PBXBuildFile; fileRef = 990E968629BAFD2700B9A9F1 /* GachaListViewController.swift */; };
		9944EAB129C2376500C4D06C /* icon.png in Resources */ = {isa = PBXBuildFile; fileRef = 9944EAB029C2376500C4D06C /* icon.png */; };
		9944EABD29C5087600C4D06C /* Capsule.png in Resources */ = {isa = PBXBuildFile; fileRef = 9944EABC29C5087600C4D06C /* Capsule.png */; };
		9976AFA529C0610C00816E61 /* GachaName.swift in Sources */ = {isa = PBXBuildFile; fileRef = 9976AFA429C0610C00816E61 /* GachaName.swift */; };
		99B9ABC929BA19CB0008C7D3 /* Realm in Frameworks */ = {isa = PBXBuildFile; productRef = 99B9ABC829BA19CB0008C7D3 /* Realm */; };
		99B9ABCB29BA19CB0008C7D3 /* RealmSwift in Frameworks */ = {isa = PBXBuildFile; productRef = 99B9ABCA29BA19CB0008C7D3 /* RealmSwift */; };
		99B9ABCD29BA1CEB0008C7D3 /* GachaItem.swift in Sources */ = {isa = PBXBuildFile; fileRef = 99B9ABCC29BA1CEB0008C7D3 /* GachaItem.swift */; };
		99B9ABD029BA1E790008C7D3 /* ItemTableViewCell.swift in Sources */ = {isa = PBXBuildFile; fileRef = 99B9ABCE29BA1E790008C7D3 /* ItemTableViewCell.swift */; };
		99B9ABD129BA1E790008C7D3 /* ItemTableViewCell.xib in Resources */ = {isa = PBXBuildFile; fileRef = 99B9ABCF29BA1E790008C7D3 /* ItemTableViewCell.xib */; };
		99B9ABD329BA29C50008C7D3 /* DetailViewController.swift in Sources */ = {isa = PBXBuildFile; fileRef = 99B9ABD229BA29C50008C7D3 /* DetailViewController.swift */; };
		99DFF02D29BCD4C9003401C4 /* GachaNameViewController.swift in Sources */ = {isa = PBXBuildFile; fileRef = 99DFF02C29BCD4C9003401C4 /* GachaNameViewController.swift */; };
		99DFF02F29BDBDE4003401C4 /* gachagacha.png in Resources */ = {isa = PBXBuildFile; fileRef = 99DFF02E29BDBDE4003401C4 /* gachagacha.png */; };
		99E36B9029BEFFD4003AAAFE /* GachaViewController.swift in Sources */ = {isa = PBXBuildFile; fileRef = 99E36B8F29BEFFD4003AAAFE /* GachaViewController.swift */; };
		99FD106029B5D8760028B2A6 /* AppDelegate.swift in Sources */ = {isa = PBXBuildFile; fileRef = 99FD105F29B5D8760028B2A6 /* AppDelegate.swift */; };
		99FD106229B5D8760028B2A6 /* SceneDelegate.swift in Sources */ = {isa = PBXBuildFile; fileRef = 99FD106129B5D8760028B2A6 /* SceneDelegate.swift */; };
		99FD106429B5D8760028B2A6 /* InsideListViewController.swift in Sources */ = {isa = PBXBuildFile; fileRef = 99FD106329B5D8760028B2A6 /* InsideListViewController.swift */; };
		99FD106729B5D8760028B2A6 /* Main.storyboard in Resources */ = {isa = PBXBuildFile; fileRef = 99FD106529B5D8760028B2A6 /* Main.storyboard */; };
		99FD106929B5D8770028B2A6 /* Assets.xcassets in Resources */ = {isa = PBXBuildFile; fileRef = 99FD106829B5D8770028B2A6 /* Assets.xcassets */; };
		99FD106C29B5D8770028B2A6 /* LaunchScreen.storyboard in Resources */ = {isa = PBXBuildFile; fileRef = 99FD106A29B5D8770028B2A6 /* LaunchScreen.storyboard */; };
		99FF730429BE1B1C007E26B6 /* FistViewController.swift in Sources */ = {isa = PBXBuildFile; fileRef = 99FF730329BE1B1C007E26B6 /* FistViewController.swift */; };
		99FF730729BE1E99007E26B6 /* GachaListButtonTableViewCell.swift in Sources */ = {isa = PBXBuildFile; fileRef = 99FF730529BE1E99007E26B6 /* GachaListButtonTableViewCell.swift */; };
		99FF730829BE1E99007E26B6 /* GachaListButtonTableViewCell.xib in Resources */ = {isa = PBXBuildFile; fileRef = 99FF730629BE1E99007E26B6 /* GachaListButtonTableViewCell.xib */; };
/* End PBXBuildFile section */

/* Begin PBXFileReference section */
		990E968629BAFD2700B9A9F1 /* GachaListViewController.swift */ = {isa = PBXFileReference; lastKnownFileType = sourcecode.swift; path = GachaListViewController.swift; sourceTree = "<group>"; };
		9944EAB029C2376500C4D06C /* icon.png */ = {isa = PBXFileReference; lastKnownFileType = image.png; path = icon.png; sourceTree = "<group>"; };
		9944EABC29C5087600C4D06C /* Capsule.png */ = {isa = PBXFileReference; lastKnownFileType = image.png; path = Capsule.png; sourceTree = "<group>"; };
		9976AFA429C0610C00816E61 /* GachaName.swift */ = {isa = PBXFileReference; lastKnownFileType = sourcecode.swift; path = GachaName.swift; sourceTree = "<group>"; };
		99B9ABCC29BA1CEB0008C7D3 /* GachaItem.swift */ = {isa = PBXFileReference; lastKnownFileType = sourcecode.swift; path = GachaItem.swift; sourceTree = "<group>"; };
		99B9ABCE29BA1E790008C7D3 /* ItemTableViewCell.swift */ = {isa = PBXFileReference; lastKnownFileType = sourcecode.swift; path = ItemTableViewCell.swift; sourceTree = "<group>"; };
		99B9ABCF29BA1E790008C7D3 /* ItemTableViewCell.xib */ = {isa = PBXFileReference; lastKnownFileType = file.xib; path = ItemTableViewCell.xib; sourceTree = "<group>"; };
		99B9ABD229BA29C50008C7D3 /* DetailViewController.swift */ = {isa = PBXFileReference; lastKnownFileType = sourcecode.swift; path = DetailViewController.swift; sourceTree = "<group>"; };
		99DFF02C29BCD4C9003401C4 /* GachaNameViewController.swift */ = {isa = PBXFileReference; lastKnownFileType = sourcecode.swift; path = GachaNameViewController.swift; sourceTree = "<group>"; };
		99DFF02E29BDBDE4003401C4 /* gachagacha.png */ = {isa = PBXFileReference; lastKnownFileType = image.png; path = gachagacha.png; sourceTree = "<group>"; };
		99E36B8F29BEFFD4003AAAFE /* GachaViewController.swift */ = {isa = PBXFileReference; lastKnownFileType = sourcecode.swift; path = GachaViewController.swift; sourceTree = "<group>"; };
		99FD105C29B5D8760028B2A6 /* OriginalGacha.app */ = {isa = PBXFileReference; explicitFileType = wrapper.application; includeInIndex = 0; path = OriginalGacha.app; sourceTree = BUILT_PRODUCTS_DIR; };
		99FD105F29B5D8760028B2A6 /* AppDelegate.swift */ = {isa = PBXFileReference; lastKnownFileType = sourcecode.swift; path = AppDelegate.swift; sourceTree = "<group>"; };
		99FD106129B5D8760028B2A6 /* SceneDelegate.swift */ = {isa = PBXFileReference; lastKnownFileType = sourcecode.swift; path = SceneDelegate.swift; sourceTree = "<group>"; };
		99FD106329B5D8760028B2A6 /* InsideListViewController.swift */ = {isa = PBXFileReference; lastKnownFileType = sourcecode.swift; path = InsideListViewController.swift; sourceTree = "<group>"; };
		99FD106629B5D8760028B2A6 /* Base */ = {isa = PBXFileReference; lastKnownFileType = file.storyboard; name = Base; path = Base.lproj/Main.storyboard; sourceTree = "<group>"; };
		99FD106829B5D8770028B2A6 /* Assets.xcassets */ = {isa = PBXFileReference; lastKnownFileType = folder.assetcatalog; path = Assets.xcassets; sourceTree = "<group>"; };
		99FD106B29B5D8770028B2A6 /* Base */ = {isa = PBXFileReference; lastKnownFileType = file.storyboard; name = Base; path = Base.lproj/LaunchScreen.storyboard; sourceTree = "<group>"; };
		99FD106D29B5D8770028B2A6 /* Info.plist */ = {isa = PBXFileReference; lastKnownFileType = text.plist.xml; path = Info.plist; sourceTree = "<group>"; };
		99FF730329BE1B1C007E26B6 /* FistViewController.swift */ = {isa = PBXFileReference; lastKnownFileType = sourcecode.swift; path = FistViewController.swift; sourceTree = "<group>"; };
		99FF730529BE1E99007E26B6 /* GachaListButtonTableViewCell.swift */ = {isa = PBXFileReference; lastKnownFileType = sourcecode.swift; path = GachaListButtonTableViewCell.swift; sourceTree = "<group>"; };
		99FF730629BE1E99007E26B6 /* GachaListButtonTableViewCell.xib */ = {isa = PBXFileReference; lastKnownFileType = file.xib; path = GachaListButtonTableViewCell.xib; sourceTree = "<group>"; };
/* End PBXFileReference section */

/* Begin PBXFrameworksBuildPhase section */
		99FD105929B5D8760028B2A6 /* Frameworks */ = {
			isa = PBXFrameworksBuildPhase;
			buildActionMask = 2147483647;
			files = (
				99B9ABCB29BA19CB0008C7D3 /* RealmSwift in Frameworks */,
				99B9ABC929BA19CB0008C7D3 /* Realm in Frameworks */,
			);
			runOnlyForDeploymentPostprocessing = 0;
		};
/* End PBXFrameworksBuildPhase section */

/* Begin PBXGroup section */
		99FD105329B5D8760028B2A6 = {
			isa = PBXGroup;
			children = (
				99FD105E29B5D8760028B2A6 /* OriginalGacha */,
				99FD105D29B5D8760028B2A6 /* Products */,
			);
			sourceTree = "<group>";
		};
		99FD105D29B5D8760028B2A6 /* Products */ = {
			isa = PBXGroup;
			children = (
				99FD105C29B5D8760028B2A6 /* OriginalGacha.app */,
			);
			name = Products;
			sourceTree = "<group>";
		};
		99FD105E29B5D8760028B2A6 /* OriginalGacha */ = {
			isa = PBXGroup;
			children = (
				99FD105F29B5D8760028B2A6 /* AppDelegate.swift */,
				99FD106129B5D8760028B2A6 /* SceneDelegate.swift */,
				99FD106329B5D8760028B2A6 /* InsideListViewController.swift */,
				99FD106829B5D8770028B2A6 /* Assets.xcassets */,
				9944EAB029C2376500C4D06C /* icon.png */,
				99DFF02E29BDBDE4003401C4 /* gachagacha.png */,
				9944EABC29C5087600C4D06C /* Capsule.png */,
				99FD106529B5D8760028B2A6 /* Main.storyboard */,
				99FD106A29B5D8770028B2A6 /* LaunchScreen.storyboard */,
				99FD106D29B5D8770028B2A6 /* Info.plist */,
				99FF730329BE1B1C007E26B6 /* FistViewController.swift */,
				99E36B8F29BEFFD4003AAAFE /* GachaViewController.swift */,
				9976AFA429C0610C00816E61 /* GachaName.swift */,
				99B9ABCC29BA1CEB0008C7D3 /* GachaItem.swift */,
				99B9ABCE29BA1E790008C7D3 /* ItemTableViewCell.swift */,
				99B9ABCF29BA1E790008C7D3 /* ItemTableViewCell.xib */,
				99B9ABD229BA29C50008C7D3 /* DetailViewController.swift */,
				990E968629BAFD2700B9A9F1 /* GachaListViewController.swift */,
				99DFF02C29BCD4C9003401C4 /* GachaNameViewController.swift */,
				99FF730529BE1E99007E26B6 /* GachaListButtonTableViewCell.swift */,
				99FF730629BE1E99007E26B6 /* GachaListButtonTableViewCell.xib */,
			);
			path = OriginalGacha;
			sourceTree = "<group>";
		};
/* End PBXGroup section */

/* Begin PBXNativeTarget section */
		99FD105B29B5D8760028B2A6 /* OriginalGacha */ = {
			isa = PBXNativeTarget;
			buildConfigurationList = 99FD107029B5D8770028B2A6 /* Build configuration list for PBXNativeTarget "OriginalGacha" */;
			buildPhases = (
				99FD105829B5D8760028B2A6 /* Sources */,
				99FD105929B5D8760028B2A6 /* Frameworks */,
				99FD105A29B5D8760028B2A6 /* Resources */,
			);
			buildRules = (
			);
			dependencies = (
			);
			name = OriginalGacha;
			packageProductDependencies = (
				99B9ABC829BA19CB0008C7D3 /* Realm */,
				99B9ABCA29BA19CB0008C7D3 /* RealmSwift */,
			);
			productName = OriginalGacha;
			productReference = 99FD105C29B5D8760028B2A6 /* OriginalGacha.app */;
			productType = "com.apple.product-type.application";
		};
/* End PBXNativeTarget section */

/* Begin PBXProject section */
		99FD105429B5D8760028B2A6 /* Project object */ = {
			isa = PBXProject;
			attributes = {
				BuildIndependentTargetsInParallel = 1;
				LastSwiftUpdateCheck = 1420;
				LastUpgradeCheck = 1420;
				TargetAttributes = {
					99FD105B29B5D8760028B2A6 = {
						CreatedOnToolsVersion = 14.2;
					};
				};
			};
			buildConfigurationList = 99FD105729B5D8760028B2A6 /* Build configuration list for PBXProject "OriginalGacha" */;
			compatibilityVersion = "Xcode 14.0";
			developmentRegion = en;
			hasScannedForEncodings = 0;
			knownRegions = (
				en,
				Base,
			);
			mainGroup = 99FD105329B5D8760028B2A6;
			packageReferences = (
				99B9ABC729BA19CB0008C7D3 /* XCRemoteSwiftPackageReference "realm-swift" */,
			);
			productRefGroup = 99FD105D29B5D8760028B2A6 /* Products */;
			projectDirPath = "";
			projectRoot = "";
			targets = (
				99FD105B29B5D8760028B2A6 /* OriginalGacha */,
			);
		};
/* End PBXProject section */

/* Begin PBXResourcesBuildPhase section */
		99FD105A29B5D8760028B2A6 /* Resources */ = {
			isa = PBXResourcesBuildPhase;
			buildActionMask = 2147483647;
			files = (
				99B9ABD129BA1E790008C7D3 /* ItemTableViewCell.xib in Resources */,
				9944EAB129C2376500C4D06C /* icon.png in Resources */,
				99FD106C29B5D8770028B2A6 /* LaunchScreen.storyboard in Resources */,
				9944EABD29C5087600C4D06C /* Capsule.png in Resources */,
				99FD106929B5D8770028B2A6 /* Assets.xcassets in Resources */,
				99FD106729B5D8760028B2A6 /* Main.storyboard in Resources */,
				99FF730829BE1E99007E26B6 /* GachaListButtonTableViewCell.xib in Resources */,
				99DFF02F29BDBDE4003401C4 /* gachagacha.png in Resources */,
			);
			runOnlyForDeploymentPostprocessing = 0;
		};
/* End PBXResourcesBuildPhase section */

/* Begin PBXSourcesBuildPhase section */
		99FD105829B5D8760028B2A6 /* Sources */ = {
			isa = PBXSourcesBuildPhase;
			buildActionMask = 2147483647;
			files = (
				99FF730729BE1E99007E26B6 /* GachaListButtonTableViewCell.swift in Sources */,
				99B9ABCD29BA1CEB0008C7D3 /* GachaItem.swift in Sources */,
				99E36B9029BEFFD4003AAAFE /* GachaViewController.swift in Sources */,
				99DFF02D29BCD4C9003401C4 /* GachaNameViewController.swift in Sources */,
				99FD106429B5D8760028B2A6 /* InsideListViewController.swift in Sources */,
				99B9ABD329BA29C50008C7D3 /* DetailViewController.swift in Sources */,
				99B9ABD029BA1E790008C7D3 /* ItemTableViewCell.swift in Sources */,
				990E968729BAFD2700B9A9F1 /* GachaListViewController.swift in Sources */,
				9976AFA529C0610C00816E61 /* GachaName.swift in Sources */,
				99FD106029B5D8760028B2A6 /* AppDelegate.swift in Sources */,
				99FD106229B5D8760028B2A6 /* SceneDelegate.swift in Sources */,
				99FF730429BE1B1C007E26B6 /* FistViewController.swift in Sources */,
			);
			runOnlyForDeploymentPostprocessing = 0;
		};
/* End PBXSourcesBuildPhase section */

/* Begin PBXVariantGroup section */
		99FD106529B5D8760028B2A6 /* Main.storyboard */ = {
			isa = PBXVariantGroup;
			children = (
				99FD106629B5D8760028B2A6 /* Base */,
			);
			name = Main.storyboard;
			sourceTree = "<group>";
		};
		99FD106A29B5D8770028B2A6 /* LaunchScreen.storyboard */ = {
			isa = PBXVariantGroup;
			children = (
				99FD106B29B5D8770028B2A6 /* Base */,
			);
			name = LaunchScreen.storyboard;
			sourceTree = "<group>";
		};
/* End PBXVariantGroup section */

/* Begin XCBuildConfiguration section */
		99FD106E29B5D8770028B2A6 /* Debug */ = {
			isa = XCBuildConfiguration;
			buildSettings = {
				ALWAYS_SEARCH_USER_PATHS = NO;
				CLANG_ANALYZER_NONNULL = YES;
				CLANG_ANALYZER_NUMBER_OBJECT_CONVERSION = YES_AGGRESSIVE;
				CLANG_CXX_LANGUAGE_STANDARD = "gnu++20";
				CLANG_ENABLE_MODULES = YES;
				CLANG_ENABLE_OBJC_ARC = YES;
				CLANG_ENABLE_OBJC_WEAK = YES;
				CLANG_WARN_BLOCK_CAPTURE_AUTORELEASING = YES;
				CLANG_WARN_BOOL_CONVERSION = YES;
				CLANG_WARN_COMMA = YES;
				CLANG_WARN_CONSTANT_CONVERSION = YES;
				CLANG_WARN_DEPRECATED_OBJC_IMPLEMENTATIONS = YES;
				CLANG_WARN_DIRECT_OBJC_ISA_USAGE = YES_ERROR;
				CLANG_WARN_DOCUMENTATION_COMMENTS = YES;
				CLANG_WARN_EMPTY_BODY = YES;
				CLANG_WARN_ENUM_CONVERSION = YES;
				CLANG_WARN_INFINITE_RECURSION = YES;
				CLANG_WARN_INT_CONVERSION = YES;
				CLANG_WARN_NON_LITERAL_NULL_CONVERSION = YES;
				CLANG_WARN_OBJC_IMPLICIT_RETAIN_SELF = YES;
				CLANG_WARN_OBJC_LITERAL_CONVERSION = YES;
				CLANG_WARN_OBJC_ROOT_CLASS = YES_ERROR;
				CLANG_WARN_QUOTED_INCLUDE_IN_FRAMEWORK_HEADER = YES;
				CLANG_WARN_RANGE_LOOP_ANALYSIS = YES;
				CLANG_WARN_STRICT_PROTOTYPES = YES;
				CLANG_WARN_SUSPICIOUS_MOVE = YES;
				CLANG_WARN_UNGUARDED_AVAILABILITY = YES_AGGRESSIVE;
				CLANG_WARN_UNREACHABLE_CODE = YES;
				CLANG_WARN__DUPLICATE_METHOD_MATCH = YES;
				COPY_PHASE_STRIP = NO;
				DEBUG_INFORMATION_FORMAT = dwarf;
				ENABLE_STRICT_OBJC_MSGSEND = YES;
				ENABLE_TESTABILITY = YES;
				GCC_C_LANGUAGE_STANDARD = gnu11;
				GCC_DYNAMIC_NO_PIC = NO;
				GCC_NO_COMMON_BLOCKS = YES;
				GCC_OPTIMIZATION_LEVEL = 0;
				GCC_PREPROCESSOR_DEFINITIONS = (
					"DEBUG=1",
					"$(inherited)",
				);
				GCC_WARN_64_TO_32_BIT_CONVERSION = YES;
				GCC_WARN_ABOUT_RETURN_TYPE = YES_ERROR;
				GCC_WARN_UNDECLARED_SELECTOR = YES;
				GCC_WARN_UNINITIALIZED_AUTOS = YES_AGGRESSIVE;
				GCC_WARN_UNUSED_FUNCTION = YES;
				GCC_WARN_UNUSED_VARIABLE = YES;
				IPHONEOS_DEPLOYMENT_TARGET = 16.2;
				MTL_ENABLE_DEBUG_INFO = INCLUDE_SOURCE;
				MTL_FAST_MATH = YES;
				ONLY_ACTIVE_ARCH = YES;
				SDKROOT = iphoneos;
				SWIFT_ACTIVE_COMPILATION_CONDITIONS = DEBUG;
				SWIFT_OPTIMIZATION_LEVEL = "-Onone";
			};
			name = Debug;
		};
		99FD106F29B5D8770028B2A6 /* Release */ = {
			isa = XCBuildConfiguration;
			buildSettings = {
				ALWAYS_SEARCH_USER_PATHS = NO;
				CLANG_ANALYZER_NONNULL = YES;
				CLANG_ANALYZER_NUMBER_OBJECT_CONVERSION = YES_AGGRESSIVE;
				CLANG_CXX_LANGUAGE_STANDARD = "gnu++20";
				CLANG_ENABLE_MODULES = YES;
				CLANG_ENABLE_OBJC_ARC = YES;
				CLANG_ENABLE_OBJC_WEAK = YES;
				CLANG_WARN_BLOCK_CAPTURE_AUTORELEASING = YES;
				CLANG_WARN_BOOL_CONVERSION = YES;
				CLANG_WARN_COMMA = YES;
				CLANG_WARN_CONSTANT_CONVERSION = YES;
				CLANG_WARN_DEPRECATED_OBJC_IMPLEMENTATIONS = YES;
				CLANG_WARN_DIRECT_OBJC_ISA_USAGE = YES_ERROR;
				CLANG_WARN_DOCUMENTATION_COMMENTS = YES;
				CLANG_WARN_EMPTY_BODY = YES;
				CLANG_WARN_ENUM_CONVERSION = YES;
				CLANG_WARN_INFINITE_RECURSION = YES;
				CLANG_WARN_INT_CONVERSION = YES;
				CLANG_WARN_NON_LITERAL_NULL_CONVERSION = YES;
				CLANG_WARN_OBJC_IMPLICIT_RETAIN_SELF = YES;
				CLANG_WARN_OBJC_LITERAL_CONVERSION = YES;
				CLANG_WARN_OBJC_ROOT_CLASS = YES_ERROR;
				CLANG_WARN_QUOTED_INCLUDE_IN_FRAMEWORK_HEADER = YES;
				CLANG_WARN_RANGE_LOOP_ANALYSIS = YES;
				CLANG_WARN_STRICT_PROTOTYPES = YES;
				CLANG_WARN_SUSPICIOUS_MOVE = YES;
				CLANG_WARN_UNGUARDED_AVAILABILITY = YES_AGGRESSIVE;
				CLANG_WARN_UNREACHABLE_CODE = YES;
				CLANG_WARN__DUPLICATE_METHOD_MATCH = YES;
				COPY_PHASE_STRIP = NO;
				DEBUG_INFORMATION_FORMAT = "dwarf-with-dsym";
				ENABLE_NS_ASSERTIONS = NO;
				ENABLE_STRICT_OBJC_MSGSEND = YES;
				GCC_C_LANGUAGE_STANDARD = gnu11;
				GCC_NO_COMMON_BLOCKS = YES;
				GCC_WARN_64_TO_32_BIT_CONVERSION = YES;
				GCC_WARN_ABOUT_RETURN_TYPE = YES_ERROR;
				GCC_WARN_UNDECLARED_SELECTOR = YES;
				GCC_WARN_UNINITIALIZED_AUTOS = YES_AGGRESSIVE;
				GCC_WARN_UNUSED_FUNCTION = YES;
				GCC_WARN_UNUSED_VARIABLE = YES;
				IPHONEOS_DEPLOYMENT_TARGET = 16.2;
				MTL_ENABLE_DEBUG_INFO = NO;
				MTL_FAST_MATH = YES;
				SDKROOT = iphoneos;
				SWIFT_COMPILATION_MODE = wholemodule;
				SWIFT_OPTIMIZATION_LEVEL = "-O";
				VALIDATE_PRODUCT = YES;
			};
			name = Release;
		};
		99FD107129B5D8770028B2A6 /* Debug */ = {
			isa = XCBuildConfiguration;
			buildSettings = {
				ASSETCATALOG_COMPILER_APPICON_NAME = AppIcon;
				ASSETCATALOG_COMPILER_GLOBAL_ACCENT_COLOR_NAME = AccentColor;
				CODE_SIGN_STYLE = Automatic;
				CURRENT_PROJECT_VERSION = 1;
				GENERATE_INFOPLIST_FILE = YES;
				INFOPLIST_FILE = OriginalGacha/Info.plist;
				INFOPLIST_KEY_UIApplicationSupportsIndirectInputEvents = YES;
				INFOPLIST_KEY_UILaunchStoryboardName = LaunchScreen;
				INFOPLIST_KEY_UIMainStoryboardFile = Main;
				INFOPLIST_KEY_UISupportedInterfaceOrientations_iPad = "UIInterfaceOrientationPortrait UIInterfaceOrientationPortraitUpsideDown UIInterfaceOrientationLandscapeLeft UIInterfaceOrientationLandscapeRight";
				INFOPLIST_KEY_UISupportedInterfaceOrientations_iPhone = "UIInterfaceOrientationPortrait UIInterfaceOrientationLandscapeLeft UIInterfaceOrientationLandscapeRight";
				LD_RUNPATH_SEARCH_PATHS = (
					"$(inherited)",
					"@executable_path/Frameworks",
				);
				MARKETING_VERSION = 1.0;
				PRODUCT_BUNDLE_IDENTIFIER = app.Machida.Zinenzyo.OriginalGacha;
				PRODUCT_NAME = "$(TARGET_NAME)";
				SWIFT_EMIT_LOC_STRINGS = YES;
				SWIFT_VERSION = 5.0;
				TARGETED_DEVICE_FAMILY = "1,2";
			};
			name = Debug;
		};
		99FD107229B5D8770028B2A6 /* Release */ = {
			isa = XCBuildConfiguration;
			buildSettings = {
				ASSETCATALOG_COMPILER_APPICON_NAME = AppIcon;
				ASSETCATALOG_COMPILER_GLOBAL_ACCENT_COLOR_NAME = AccentColor;
				CODE_SIGN_STYLE = Automatic;
				CURRENT_PROJECT_VERSION = 1;
				GENERATE_INFOPLIST_FILE = YES;
				INFOPLIST_FILE = OriginalGacha/Info.plist;
				INFOPLIST_KEY_UIApplicationSupportsIndirectInputEvents = YES;
				INFOPLIST_KEY_UILaunchStoryboardName = LaunchScreen;
				INFOPLIST_KEY_UIMainStoryboardFile = Main;
				INFOPLIST_KEY_UISupportedInterfaceOrientations_iPad = "UIInterfaceOrientationPortrait UIInterfaceOrientationPortraitUpsideDown UIInterfaceOrientationLandscapeLeft UIInterfaceOrientationLandscapeRight";
				INFOPLIST_KEY_UISupportedInterfaceOrientations_iPhone = "UIInterfaceOrientationPortrait UIInterfaceOrientationLandscapeLeft UIInterfaceOrientationLandscapeRight";
				LD_RUNPATH_SEARCH_PATHS = (
					"$(inherited)",
					"@executable_path/Frameworks",
				);
				MARKETING_VERSION = 1.0;
				PRODUCT_BUNDLE_IDENTIFIER = app.Machida.Zinenzyo.OriginalGacha;
				PRODUCT_NAME = "$(TARGET_NAME)";
				SWIFT_EMIT_LOC_STRINGS = YES;
				SWIFT_VERSION = 5.0;
				TARGETED_DEVICE_FAMILY = "1,2";
			};
			name = Release;
		};
/* End XCBuildConfiguration section */

/* Begin XCConfigurationList section */
		99FD105729B5D8760028B2A6 /* Build configuration list for PBXProject "OriginalGacha" */ = {
			isa = XCConfigurationList;
			buildConfigurations = (
				99FD106E29B5D8770028B2A6 /* Debug */,
				99FD106F29B5D8770028B2A6 /* Release */,
			);
			defaultConfigurationIsVisible = 0;
			defaultConfigurationName = Release;
		};
		99FD107029B5D8770028B2A6 /* Build configuration list for PBXNativeTarget "OriginalGacha" */ = {
			isa = XCConfigurationList;
			buildConfigurations = (
				99FD107129B5D8770028B2A6 /* Debug */,
				99FD107229B5D8770028B2A6 /* Release */,
			);
			defaultConfigurationIsVisible = 0;
			defaultConfigurationName = Release;
		};
/* End XCConfigurationList section */

/* Begin XCRemoteSwiftPackageReference section */
		99B9ABC729BA19CB0008C7D3 /* XCRemoteSwiftPackageReference "realm-swift" */ = {
			isa = XCRemoteSwiftPackageReference;
			repositoryURL = "https://github.com/realm/realm-swift";
			requirement = {
				branch = master;
				kind = branch;
			};
		};
/* End XCRemoteSwiftPackageReference section */

/* Begin XCSwiftPackageProductDependency section */
		99B9ABC829BA19CB0008C7D3 /* Realm */ = {
			isa = XCSwiftPackageProductDependency;
			package = 99B9ABC729BA19CB0008C7D3 /* XCRemoteSwiftPackageReference "realm-swift" */;
			productName = Realm;
		};
		99B9ABCA29BA19CB0008C7D3 /* RealmSwift */ = {
			isa = XCSwiftPackageProductDependency;
			package = 99B9ABC729BA19CB0008C7D3 /* XCRemoteSwiftPackageReference "realm-swift" */;
			productName = RealmSwift;
		};
/* End XCSwiftPackageProductDependency section */
	};
	rootObject = 99FD105429B5D8760028B2A6 /* Project object */;
}
